
Microsoft Visual Studio Solution File, Format Version 12.00
# Visual Studio Version 16
VisualStudioVersion = 16.0.31515.178
MinimumVisualStudioVersion = 10.0.40219.1
Project("{FAE04EC0-301F-11D3-BF4B-00C04F79EFBC}") = "Calculadore", "Calculadore\Calculadore.csproj", "{E0986FB2-DEA3-4337-AE0C-705A5F75754C}"
EndProject
Global
	GlobalSection(SolutionConfigurationPlatforms) = preSolution
		Debug|Any CPU = Debug|Any CPU
		Release|Any CPU = Release|Any CPU
	EndGlobalSection
	GlobalSection(ProjectConfigurationPlatforms) = postSolution
		{E0986FB2-DEA3-4337-AE0C-705A5F75754C}.Debug|Any CPU.ActiveCfg = Debug|Any CPU
		{E0986FB2-DEA3-4337-AE0C-705A5F75754C}.Debug|Any CPU.Build.0 = Debug|Any CPU
		{E0986FB2-DEA3-4337-AE0C-705A5F75754C}.Release|Any CPU.ActiveCfg = Release|Any CPU
		{E0986FB2-DEA3-4337-AE0C-705A5F75754C}.Release|Any CPU.Build.0 = Release|Any CPU
	EndGlobalSection
	GlobalSection(SolutionProperties) = preSolution
		HideSolutionNode = FALSE
	EndGlobalSection
	GlobalSection(ExtensibilityGlobals) = postSolution
		SolutionGuid = {81A45026-DBD1-4AFC-8134-D7FB3604929F}
	EndGlobalSection
EndGlobal
